
Microsoft Visual Studio Solution File, Format Version 12.00
# Visual Studio Version 16
VisualStudioVersion = 16.0.29230.61
MinimumVisualStudioVersion = 10.0.40219.1
Project("{9A19103F-16F7-4668-BE54-9A1E7A4F7556}") = "EventSourceFormatter", "EventSourceFormatter\EventSourceFormatter.csproj", "{52DB7E36-B3EA-4406-98E9-8BD954871DB2}"
EndProject
Project("{9A19103F-16F7-4668-BE54-9A1E7A4F7556}") = "Sample", "Sample\Sample.csproj", "{5747485F-633B-4C89-98FE-2C8F60B01587}"
EndProject
Global
	GlobalSection(SolutionConfigurationPlatforms) = preSolution
		Debug|Any CPU = Debug|Any CPU
		Release|Any CPU = Release|Any CPU
	EndGlobalSection
	GlobalSection(ProjectConfigurationPlatforms) = postSolution
		{52DB7E36-B3EA-4406-98E9-8BD954871DB2}.Debug|Any CPU.ActiveCfg = Debug|Any CPU
		{52DB7E36-B3EA-4406-98E9-8BD954871DB2}.Debug|Any CPU.Build.0 = Debug|Any CPU
		{52DB7E36-B3EA-4406-98E9-8BD954871DB2}.Release|Any CPU.ActiveCfg = Release|Any CPU
		{52DB7E36-B3EA-4406-98E9-8BD954871DB2}.Release|Any CPU.Build.0 = Release|Any CPU
		{5747485F-633B-4C89-98FE-2C8F60B01587}.Debug|Any CPU.ActiveCfg = Debug|Any CPU
		{5747485F-633B-4C89-98FE-2C8F60B01587}.Debug|Any CPU.Build.0 = Debug|Any CPU
		{5747485F-633B-4C89-98FE-2C8F60B01587}.Release|Any CPU.ActiveCfg = Release|Any CPU
		{5747485F-633B-4C89-98FE-2C8F60B01587}.Release|Any CPU.Build.0 = Release|Any CPU
	EndGlobalSection
	GlobalSection(SolutionProperties) = preSolution
		HideSolutionNode = FALSE
	EndGlobalSection
	GlobalSection(ExtensibilityGlobals) = postSolution
		SolutionGuid = {0EB90913-8C46-44FC-99B8-6F96E4B3D608}
	EndGlobalSection
EndGlobal
